// !$*UTF8*$!
{
	archiveVersion = 1;
	classes = {
	};
	objectVersion = 77;
	objects = {

/* Begin PBXContainerItemProxy section */
		275DB61F2E3B8D87000A3CD2 /* PBXContainerItemProxy */ = {
			isa = PBXContainerItemProxy;
			containerPortal = 275DB6062E3B8D86000A3CD2 /* Project object */;
			proxyType = 1;
			remoteGlobalIDString = 275DB60D2E3B8D86000A3CD2;
			remoteInfo = Moderate;
		};
		275DB6292E3B8D87000A3CD2 /* PBXContainerItemProxy */ = {
			isa = PBXContainerItemProxy;
			containerPortal = 275DB6062E3B8D86000A3CD2 /* Project object */;
			proxyType = 1;
			remoteGlobalIDString = 275DB60D2E3B8D86000A3CD2;
			remoteInfo = Moderate;
		};
/* End PBXContainerItemProxy section */

/* Begin PBXFileReference section */
		275DB60E2E3B8D86000A3CD2 /* Moderate.app */ = {isa = PBXFileReference; explicitFileType = wrapper.application; includeInIndex = 0; path = Moderate.app; sourceTree = BUILT_PRODUCTS_DIR; };
		275DB61E2E3B8D87000A3CD2 /* ModerateTests.xctest */ = {isa = PBXFileReference; explicitFileType = wrapper.cfbundle; includeInIndex = 0; path = ModerateTests.xctest; sourceTree = BUILT_PRODUCTS_DIR; };
		275DB6282E3B8D87000A3CD2 /* ModerateUITests.xctest */ = {isa = PBXFileReference; explicitFileType = wrapper.cfbundle; includeInIndex = 0; path = ModerateUITests.xctest; sourceTree = BUILT_PRODUCTS_DIR; };
/* End PBXFileReference section */

/* Begin PBXFileSystemSynchronizedRootGroup section */
		275DB6102E3B8D86000A3CD2 /* Moderate */ = {
			isa = PBXFileSystemSynchronizedRootGroup;
			path = Moderate;
			sourceTree = "<group>";
		};
		275DB6212E3B8D87000A3CD2 /* ModerateTests */ = {
			isa = PBXFileSystemSynchronizedRootGroup;
			path = ModerateTests;
			sourceTree = "<group>";
		};
		275DB62B2E3B8D87000A3CD2 /* ModerateUITests */ = {
			isa = PBXFileSystemSynchronizedRootGroup;
			path = ModerateUITests;
			sourceTree = "<group>";
		};
/* End PBXFileSystemSynchronizedRootGroup section */

/* Begin PBXFrameworksBuildPhase section */
		275DB60B2E3B8D86000A3CD2 /* Frameworks */ = {
			isa = PBXFrameworksBuildPhase;
			buildActionMask = 2147483647;
			files = (
			);
			runOnlyForDeploymentPostprocessing = 0;
		};
		275DB61B2E3B8D87000A3CD2 /* Frameworks */ = {
			isa = PBXFrameworksBuildPhase;
			buildActionMask = 2147483647;
			files = (
			);
			runOnlyForDeploymentPostprocessing = 0;
		};
		275DB6252E3B8D87000A3CD2 /* Frameworks */ = {
			isa = PBXFrameworksBuildPhase;
			buildActionMask = 2147483647;
			files = (
			);
			runOnlyForDeploymentPostprocessing = 0;
		};
/* End PBXFrameworksBuildPhase section */

/* Begin PBXGroup section */
		275DB6052E3B8D86000A3CD2 = {
			isa = PBXGroup;
			children = (
				275DB6102E3B8D86000A3CD2 /* Moderate */,
				275DB6212E3B8D87000A3CD2 /* ModerateTests */,
				275DB62B2E3B8D87000A3CD2 /* ModerateUITests */,
				275DB60F2E3B8D86000A3CD2 /* Products */,
			);
			sourceTree = "<group>";
		};
		275DB60F2E3B8D86000A3CD2 /* Products */ = {
			isa = PBXGroup;
			children = (
				275DB60E2E3B8D86000A3CD2 /* Moderate.app */,
				275DB61E2E3B8D87000A3CD2 /* ModerateTests.xctest */,
				275DB6282E3B8D87000A3CD2 /* ModerateUITests.xctest */,
			);
			name = Products;
			sourceTree = "<group>";
		};
/* End PBXGroup section */

/* Begin PBXNativeTarget section */
		275DB60D2E3B8D86000A3CD2 /* Moderate */ = {
			isa = PBXNativeTarget;
			buildConfigurationList = 275DB6322E3B8D87000A3CD2 /* Build configuration list for PBXNativeTarget "Moderate" */;
			buildPhases = (
				275DB60A2E3B8D86000A3CD2 /* Sources */,
				275DB60B2E3B8D86000A3CD2 /* Frameworks */,
				275DB60C2E3B8D86000A3CD2 /* Resources */,
			);
			buildRules = (
			);
			dependencies = (
			);
			fileSystemSynchronizedGroups = (
				275DB6102E3B8D86000A3CD2 /* Moderate */,
			);
			name = Moderate;
			packageProductDependencies = (
			);
			productName = Moderate;
			productReference = 275DB60E2E3B8D86000A3CD2 /* Moderate.app */;
			productType = "com.apple.product-type.application";
		};
		275DB61D2E3B8D87000A3CD2 /* ModerateTests */ = {
			isa = PBXNativeTarget;
			buildConfigurationList = 275DB6352E3B8D87000A3CD2 /* Build configuration list for PBXNativeTarget "ModerateTests" */;
			buildPhases = (
				275DB61A2E3B8D87000A3CD2 /* Sources */,
				275DB61B2E3B8D87000A3CD2 /* Frameworks */,
				275DB61C2E3B8D87000A3CD2 /* Resources */,
			);
			buildRules = (
			);
			dependencies = (
				275DB6202E3B8D87000A3CD2 /* PBXTargetDependency */,
			);
			fileSystemSynchronizedGroups = (
				275DB6212E3B8D87000A3CD2 /* ModerateTests */,
			);
			name = ModerateTests;
			packageProductDependencies = (
			);
			productName = ModerateTests;
			productReference = 275DB61E2E3B8D87000A3CD2 /* ModerateTests.xctest */;
			productType = "com.apple.product-type.bundle.unit-test";
		};
		275DB6272E3B8D87000A3CD2 /* ModerateUITests */ = {
			isa = PBXNativeTarget;
			buildConfigurationList = 275DB6382E3B8D87000A3CD2 /* Build configuration list for PBXNativeTarget "ModerateUITests" */;
			buildPhases = (
				275DB6242E3B8D87000A3CD2 /* Sources */,
				275DB6252E3B8D87000A3CD2 /* Frameworks */,
				275DB6262E3B8D87000A3CD2 /* Resources */,
			);
			buildRules = (
			);
			dependencies = (
				275DB62A2E3B8D87000A3CD2 /* PBXTargetDependency */,
			);
			fileSystemSynchronizedGroups = (
				275DB62B2E3B8D87000A3CD2 /* ModerateUITests */,
			);
			name = ModerateUITests;
			packageProductDependencies = (
			);
			productName = ModerateUITests;
			productReference = 275DB6282E3B8D87000A3CD2 /* ModerateUITests.xctest */;
			productType = "com.apple.product-type.bundle.ui-testing";
		};
/* End PBXNativeTarget section */

/* Begin PBXProject section */
		275DB6062E3B8D86000A3CD2 /* Project object */ = {
			isa = PBXProject;
			attributes = {
				BuildIndependentTargetsInParallel = 1;
				LastSwiftUpdateCheck = 1620;
				LastUpgradeCheck = 1620;
				TargetAttributes = {
					275DB60D2E3B8D86000A3CD2 = {
						CreatedOnToolsVersion = 16.2;
					};
					275DB61D2E3B8D87000A3CD2 = {
						CreatedOnToolsVersion = 16.2;
						TestTargetID = 275DB60D2E3B8D86000A3CD2;
					};
					275DB6272E3B8D87000A3CD2 = {
						CreatedOnToolsVersion = 16.2;
						TestTargetID = 275DB60D2E3B8D86000A3CD2;
					};
				};
			};
			buildConfigurationList = 275DB6092E3B8D86000A3CD2 /* Build configuration list for PBXProject "Moderate" */;
			developmentRegion = en;
			hasScannedForEncodings = 0;
			knownRegions = (
				en,
				Base,
			);
			mainGroup = 275DB6052E3B8D86000A3CD2;
			minimizedProjectReferenceProxies = 1;
			preferredProjectObjectVersion = 77;
			productRefGroup = 275DB60F2E3B8D86000A3CD2 /* Products */;
			projectDirPath = "";
			projectRoot = "";
			targets = (
				275DB60D2E3B8D86000A3CD2 /* Moderate */,
				275DB61D2E3B8D87000A3CD2 /* ModerateTests */,
				275DB6272E3B8D87000A3CD2 /* ModerateUITests */,
			);
		};
/* End PBXProject section */

/* Begin PBXResourcesBuildPhase section */
		275DB60C2E3B8D86000A3CD2 /* Resources */ = {
			isa = PBXResourcesBuildPhase;
			buildActionMask = 2147483647;
			files = (
			);
			runOnlyForDeploymentPostprocessing = 0;
		};
		275DB61C2E3B8D87000A3CD2 /* Resources */ = {
			isa = PBXResourcesBuildPhase;
			buildActionMask = 2147483647;
			files = (
			);
			runOnlyForDeploymentPostprocessing = 0;
		};
		275DB6262E3B8D87000A3CD2 /* Resources */ = {
			isa = PBXResourcesBuildPhase;
			buildActionMask = 2147483647;
			files = (
			);
			runOnlyForDeploymentPostprocessing = 0;
		};
/* End PBXResourcesBuildPhase section */

/* Begin PBXSourcesBuildPhase section */
		275DB60A2E3B8D86000A3CD2 /* Sources */ = {
			isa = PBXSourcesBuildPhase;
			buildActionMask = 2147483647;
			files = (
			);
			runOnlyForDeploymentPostprocessing = 0;
		};
		275DB61A2E3B8D87000A3CD2 /* Sources */ = {
			isa = PBXSourcesBuildPhase;
			buildActionMask = 2147483647;
			files = (
			);
			runOnlyForDeploymentPostprocessing = 0;
		};
		275DB6242E3B8D87000A3CD2 /* Sources */ = {
			isa = PBXSourcesBuildPhase;
			buildActionMask = 2147483647;
			files = (
			);
			runOnlyForDeploymentPostprocessing = 0;
		};
/* End PBXSourcesBuildPhase section */

/* Begin PBXTargetDependency section */
		275DB6202E3B8D87000A3CD2 /* PBXTargetDependency */ = {
			isa = PBXTargetDependency;
			target = 275DB60D2E3B8D86000A3CD2 /* Moderate */;
			targetProxy = 275DB61F2E3B8D87000A3CD2 /* PBXContainerItemProxy */;
		};
		275DB62A2E3B8D87000A3CD2 /* PBXTargetDependency */ = {
			isa = PBXTargetDependency;
			target = 275DB60D2E3B8D86000A3CD2 /* Moderate */;
			targetProxy = 275DB6292E3B8D87000A3CD2 /* PBXContainerItemProxy */;
		};
/* End PBXTargetDependency section */

/* Begin XCBuildConfiguration section */
		275DB6302E3B8D87000A3CD2 /* Debug */ = {
			isa = XCBuildConfiguration;
			buildSettings = {
				ALWAYS_SEARCH_USER_PATHS = NO;
				ASSETCATALOG_COMPILER_GENERATE_SWIFT_ASSET_SYMBOL_EXTENSIONS = YES;
				CLANG_ANALYZER_NONNULL = YES;
				CLANG_ANALYZER_NUMBER_OBJECT_CONVERSION = YES_AGGRESSIVE;
				CLANG_CXX_LANGUAGE_STANDARD = "gnu++20";
				CLANG_ENABLE_MODULES = YES;
				CLANG_ENABLE_OBJC_ARC = YES;
				CLANG_ENABLE_OBJC_WEAK = YES;
				CLANG_WARN_BLOCK_CAPTURE_AUTORELEASING = YES;
				CLANG_WARN_BOOL_CONVERSION = YES;
				CLANG_WARN_COMMA = YES;
				CLANG_WARN_CONSTANT_CONVERSION = YES;
				CLANG_WARN_DEPRECATED_OBJC_IMPLEMENTATIONS = YES;
				CLANG_WARN_DIRECT_OBJC_ISA_USAGE = YES_ERROR;
				CLANG_WARN_DOCUMENTATION_COMMENTS = YES;
				CLANG_WARN_EMPTY_BODY = YES;
				CLANG_WARN_ENUM_CONVERSION = YES;
				CLANG_WARN_INFINITE_RECURSION = YES;
				CLANG_WARN_INT_CONVERSION = YES;
				CLANG_WARN_NON_LITERAL_NULL_CONVERSION = YES;
				CLANG_WARN_OBJC_IMPLICIT_RETAIN_SELF = YES;
				CLANG_WARN_OBJC_LITERAL_CONVERSION = YES;
				CLANG_WARN_OBJC_ROOT_CLASS = YES_ERROR;
				CLANG_WARN_QUOTED_INCLUDE_IN_FRAMEWORK_HEADER = YES;
				CLANG_WARN_RANGE_LOOP_ANALYSIS = YES;
				CLANG_WARN_STRICT_PROTOTYPES = YES;
				CLANG_WARN_SUSPICIOUS_MOVE = YES;
				CLANG_WARN_UNGUARDED_AVAILABILITY = YES_AGGRESSIVE;
				CLANG_WARN_UNREACHABLE_CODE = YES;
				CLANG_WARN__DUPLICATE_METHOD_MATCH = YES;
				COPY_PHASE_STRIP = NO;
				DEBUG_INFORMATION_FORMAT = dwarf;
				ENABLE_STRICT_OBJC_MSGSEND = YES;
				ENABLE_TESTABILITY = YES;
				ENABLE_USER_SCRIPT_SANDBOXING = YES;
				GCC_C_LANGUAGE_STANDARD = gnu17;
				GCC_DYNAMIC_NO_PIC = NO;
				GCC_NO_COMMON_BLOCKS = YES;
				GCC_OPTIMIZATION_LEVEL = 0;
				GCC_PREPROCESSOR_DEFINITIONS = (
					"DEBUG=1",
					"$(inherited)",
				);
				GCC_WARN_64_TO_32_BIT_CONVERSION = YES;
				GCC_WARN_ABOUT_RETURN_TYPE = YES_ERROR;
				GCC_WARN_UNDECLARED_SELECTOR = YES;
				GCC_WARN_UNINITIALIZED_AUTOS = YES_AGGRESSIVE;
				GCC_WARN_UNUSED_FUNCTION = YES;
				GCC_WARN_UNUSED_VARIABLE = YES;
				IPHONEOS_DEPLOYMENT_TARGET = 18.2;
				LOCALIZATION_PREFERS_STRING_CATALOGS = YES;
				MTL_ENABLE_DEBUG_INFO = INCLUDE_SOURCE;
				MTL_FAST_MATH = YES;
				ONLY_ACTIVE_ARCH = YES;
				SDKROOT = iphoneos;
				SWIFT_ACTIVE_COMPILATION_CONDITIONS = "DEBUG $(inherited)";
				SWIFT_OPTIMIZATION_LEVEL = "-Onone";
			};
			name = Debug;
		};
		275DB6312E3B8D87000A3CD2 /* Release */ = {
			isa = XCBuildConfiguration;
			buildSettings = {
				ALWAYS_SEARCH_USER_PATHS = NO;
				ASSETCATALOG_COMPILER_GENERATE_SWIFT_ASSET_SYMBOL_EXTENSIONS = YES;
				CLANG_ANALYZER_NONNULL = YES;
				CLANG_ANALYZER_NUMBER_OBJECT_CONVERSION = YES_AGGRESSIVE;
				CLANG_CXX_LANGUAGE_STANDARD = "gnu++20";
				CLANG_ENABLE_MODULES = YES;
				CLANG_ENABLE_OBJC_ARC = YES;
				CLANG_ENABLE_OBJC_WEAK = YES;
				CLANG_WARN_BLOCK_CAPTURE_AUTORELEASING = YES;
				CLANG_WARN_BOOL_CONVERSION = YES;
				CLANG_WARN_COMMA = YES;
				CLANG_WARN_CONSTANT_CONVERSION = YES;
				CLANG_WARN_DEPRECATED_OBJC_IMPLEMENTATIONS = YES;
				CLANG_WARN_DIRECT_OBJC_ISA_USAGE = YES_ERROR;
				CLANG_WARN_DOCUMENTATION_COMMENTS = YES;
				CLANG_WARN_EMPTY_BODY = YES;
				CLANG_WARN_ENUM_CONVERSION = YES;
				CLANG_WARN_INFINITE_RECURSION = YES;
				CLANG_WARN_INT_CONVERSION = YES;
				CLANG_WARN_NON_LITERAL_NULL_CONVERSION = YES;
				CLANG_WARN_OBJC_IMPLICIT_RETAIN_SELF = YES;
				CLANG_WARN_OBJC_LITERAL_CONVERSION = YES;
				CLANG_WARN_OBJC_ROOT_CLASS = YES_ERROR;
				CLANG_WARN_QUOTED_INCLUDE_IN_FRAMEWORK_HEADER = YES;
				CLANG_WARN_RANGE_LOOP_ANALYSIS = YES;
				CLANG_WARN_STRICT_PROTOTYPES = YES;
				CLANG_WARN_SUSPICIOUS_MOVE = YES;
				CLANG_WARN_UNGUARDED_AVAILABILITY = YES_AGGRESSIVE;
				CLANG_WARN_UNREACHABLE_CODE = YES;
				CLANG_WARN__DUPLICATE_METHOD_MATCH = YES;
				COPY_PHASE_STRIP = NO;
				DEBUG_INFORMATION_FORMAT = "dwarf-with-dsym";
				ENABLE_NS_ASSERTIONS = NO;
				ENABLE_STRICT_OBJC_MSGSEND = YES;
				ENABLE_USER_SCRIPT_SANDBOXING = YES;
				GCC_C_LANGUAGE_STANDARD = gnu17;
				GCC_NO_COMMON_BLOCKS = YES;
				GCC_WARN_64_TO_32_BIT_CONVERSION = YES;
				GCC_WARN_ABOUT_RETURN_TYPE = YES_ERROR;
				GCC_WARN_UNDECLARED_SELECTOR = YES;
				GCC_WARN_UNINITIALIZED_AUTOS = YES_AGGRESSIVE;
				GCC_WARN_UNUSED_FUNCTION = YES;
				GCC_WARN_UNUSED_VARIABLE = YES;
				IPHONEOS_DEPLOYMENT_TARGET = 18.2;
				LOCALIZATION_PREFERS_STRING_CATALOGS = YES;
				MTL_ENABLE_DEBUG_INFO = NO;
				MTL_FAST_MATH = YES;
				SDKROOT = iphoneos;
				SWIFT_COMPILATION_MODE = wholemodule;
				VALIDATE_PRODUCT = YES;
			};
			name = Release;
		};
		275DB6332E3B8D87000A3CD2 /* Debug */ = {
			isa = XCBuildConfiguration;
			buildSettings = {
				ASSETCATALOG_COMPILER_APPICON_NAME = AppIcon;
				ASSETCATALOG_COMPILER_GLOBAL_ACCENT_COLOR_NAME = AccentColor;
				CODE_SIGN_STYLE = Automatic;
				CURRENT_PROJECT_VERSION = 1;
				DEVELOPMENT_ASSET_PATHS = "\"Moderate/Preview Content\"";
				DEVELOPMENT_TEAM = TY6JJD6W6F;
				ENABLE_PREVIEWS = YES;
				GENERATE_INFOPLIST_FILE = YES;
				INFOPLIST_KEY_CFBundleURLTypes = "@[{\"CFBundleURLName\":\"Kick OAuth\",\"CFBundleURLSchemes\":@[\"moderate\"]}]";
				INFOPLIST_KEY_NSAppTransportSecurity = "@{\"NSAllowsArbitraryLoads\":YES,\"NSExceptionDomains\":@{\"kick.com\":@{\"NSExceptionAllowsInsecureHTTPLoads\":YES,\"NSExceptionMinimumTLSVersion\":\"TLSv1.0\",\"NSIncludesSubdomains\":YES},\"ws-us2.pusher.com\":@{\"NSExceptionAllowsInsecureHTTPLoads\":YES,\"NSExceptionMinimumTLSVersion\":\"TLSv1.0\",\"NSIncludesSubdomains\":YES}}}";
				INFOPLIST_KEY_UIApplicationSceneManifest_Generation = YES;
				INFOPLIST_KEY_UIApplicationSupportsIndirectInputEvents = YES;
				INFOPLIST_KEY_UILaunchScreen_Generation = YES;
				INFOPLIST_KEY_UISupportedInterfaceOrientations_iPad = "UIInterfaceOrientationPortrait UIInterfaceOrientationPortraitUpsideDown UIInterfaceOrientationLandscapeLeft UIInterfaceOrientationLandscapeRight";
				INFOPLIST_KEY_UISupportedInterfaceOrientations_iPhone = "UIInterfaceOrientationPortrait UIInterfaceOrientationLandscapeLeft UIInterfaceOrientationLandscapeRight";
				LD_RUNPATH_SEARCH_PATHS = (
					"$(inherited)",
					"@executable_path/Frameworks",
				);
				MARKETING_VERSION = 1.0;
				PRODUCT_BUNDLE_IDENTIFIER = com.kaangokcek.Moderate;
				PRODUCT_NAME = "$(TARGET_NAME)";
				SUPPORTED_PLATFORMS = "iphoneos iphonesimulator";
				SUPPORTS_MACCATALYST = NO;
				SUPPORTS_MAC_DESIGNED_FOR_IPHONE_IPAD = NO;
				SUPPORTS_XR_DESIGNED_FOR_IPHONE_IPAD = NO;
				SWIFT_EMIT_LOC_STRINGS = YES;
				SWIFT_VERSION = 5.0;
				TARGETED_DEVICE_FAMILY = 1;
			};
			name = Debug;
		};
		275DB6342E3B8D87000A3CD2 /* Release */ = {
			isa = XCBuildConfiguration;
			buildSettings = {
				ASSETCATALOG_COMPILER_APPICON_NAME = AppIcon;
				ASSETCATALOG_COMPILER_GLOBAL_ACCENT_COLOR_NAME = AccentColor;
				CODE_SIGN_STYLE = Automatic;
				CURRENT_PROJECT_VERSION = 1;
				DEVELOPMENT_ASSET_PATHS = "\"Moderate/Preview Content\"";
				DEVELOPMENT_TEAM = TY6JJD6W6F;
				ENABLE_PREVIEWS = YES;
				GENERATE_INFOPLIST_FILE = YES;
				INFOPLIST_KEY_CFBundleURLTypes = "@[{\"CFBundleURLName\":\"Kick OAuth\",\"CFBundleURLSchemes\":@[\"moderate\"]}]";
				INFOPLIST_KEY_NSAppTransportSecurity = "@{\"NSAllowsArbitraryLoads\":YES,\"NSExceptionDomains\":@{\"kick.com\":@{\"NSExceptionAllowsInsecureHTTPLoads\":YES,\"NSExceptionMinimumTLSVersion\":\"TLSv1.0\",\"NSIncludesSubdomains\":YES},\"ws-us2.pusher.com\":@{\"NSExceptionAllowsInsecureHTTPLoads\":YES,\"NSExceptionMinimumTLSVersion\":\"TLSv1.0\",\"NSIncludesSubdomains\":YES}}}";
				INFOPLIST_KEY_UIApplicationSceneManifest_Generation = YES;
				INFOPLIST_KEY_UIApplicationSupportsIndirectInputEvents = YES;
				INFOPLIST_KEY_UILaunchScreen_Generation = YES;
				INFOPLIST_KEY_UISupportedInterfaceOrientations_iPad = "UIInterfaceOrientationPortrait UIInterfaceOrientationPortraitUpsideDown UIInterfaceOrientationLandscapeLeft UIInterfaceOrientationLandscapeRight";
				INFOPLIST_KEY_UISupportedInterfaceOrientations_iPhone = "UIInterfaceOrientationPortrait UIInterfaceOrientationLandscapeLeft UIInterfaceOrientationLandscapeRight";
				LD_RUNPATH_SEARCH_PATHS = (
					"$(inherited)",
					"@executable_path/Frameworks",
				);
				MARKETING_VERSION = 1.0;
				PRODUCT_BUNDLE_IDENTIFIER = com.kaangokcek.Moderate;
				PRODUCT_NAME = "$(TARGET_NAME)";
				SUPPORTED_PLATFORMS = "iphoneos iphonesimulator";
				SUPPORTS_MACCATALYST = NO;
				SUPPORTS_MAC_DESIGNED_FOR_IPHONE_IPAD = NO;
				SUPPORTS_XR_DESIGNED_FOR_IPHONE_IPAD = NO;
				SWIFT_EMIT_LOC_STRINGS = YES;
				SWIFT_VERSION = 5.0;
				TARGETED_DEVICE_FAMILY = 1;
			};
			name = Release;
		};
		275DB6362E3B8D87000A3CD2 /* Debug */ = {
			isa = XCBuildConfiguration;
			buildSettings = {
				BUNDLE_LOADER = "$(TEST_HOST)";
				CODE_SIGN_STYLE = Automatic;
				CURRENT_PROJECT_VERSION = 1;
				DEVELOPMENT_TEAM = TY6JJD6W6F;
				GENERATE_INFOPLIST_FILE = YES;
				IPHONEOS_DEPLOYMENT_TARGET = 18.2;
				MARKETING_VERSION = 1.0;
				PRODUCT_BUNDLE_IDENTIFIER = com.kaangokcek.ModerateTests;
				PRODUCT_NAME = "$(TARGET_NAME)";
				SWIFT_EMIT_LOC_STRINGS = NO;
				SWIFT_VERSION = 5.0;
				TARGETED_DEVICE_FAMILY = "1,2";
				TEST_HOST = "$(BUILT_PRODUCTS_DIR)/Moderate.app/$(BUNDLE_EXECUTABLE_FOLDER_PATH)/Moderate";
			};
			name = Debug;
		};
		275DB6372E3B8D87000A3CD2 /* Release */ = {
			isa = XCBuildConfiguration;
			buildSettings = {
				BUNDLE_LOADER = "$(TEST_HOST)";
				CODE_SIGN_STYLE = Automatic;
				CURRENT_PROJECT_VERSION = 1;
				DEVELOPMENT_TEAM = TY6JJD6W6F;
				GENERATE_INFOPLIST_FILE = YES;
				IPHONEOS_DEPLOYMENT_TARGET = 18.2;
				MARKETING_VERSION = 1.0;
				PRODUCT_BUNDLE_IDENTIFIER = com.kaangokcek.ModerateTests;
				PRODUCT_NAME = "$(TARGET_NAME)";
				SWIFT_EMIT_LOC_STRINGS = NO;
				SWIFT_VERSION = 5.0;
				TARGETED_DEVICE_FAMILY = "1,2";
				TEST_HOST = "$(BUILT_PRODUCTS_DIR)/Moderate.app/$(BUNDLE_EXECUTABLE_FOLDER_PATH)/Moderate";
			};
			name = Release;
		};
		275DB6392E3B8D87000A3CD2 /* Debug */ = {
			isa = XCBuildConfiguration;
			buildSettings = {
				CODE_SIGN_STYLE = Automatic;
				CURRENT_PROJECT_VERSION = 1;
				DEVELOPMENT_TEAM = TY6JJD6W6F;
				GENERATE_INFOPLIST_FILE = YES;
				MARKETING_VERSION = 1.0;
				PRODUCT_BUNDLE_IDENTIFIER = com.kaangokcek.ModerateUITests;
				PRODUCT_NAME = "$(TARGET_NAME)";
				SWIFT_EMIT_LOC_STRINGS = NO;
				SWIFT_VERSION = 5.0;
				TARGETED_DEVICE_FAMILY = "1,2";
				TEST_TARGET_NAME = Moderate;
			};
			name = Debug;
		};
		275DB63A2E3B8D87000A3CD2 /* Release */ = {
			isa = XCBuildConfiguration;
			buildSettings = {
				CODE_SIGN_STYLE = Automatic;
				CURRENT_PROJECT_VERSION = 1;
				DEVELOPMENT_TEAM = TY6JJD6W6F;
				GENERATE_INFOPLIST_FILE = YES;
				MARKETING_VERSION = 1.0;
				PRODUCT_BUNDLE_IDENTIFIER = com.kaangokcek.ModerateUITests;
				PRODUCT_NAME = "$(TARGET_NAME)";
				SWIFT_EMIT_LOC_STRINGS = NO;
				SWIFT_VERSION = 5.0;
				TARGETED_DEVICE_FAMILY = "1,2";
				TEST_TARGET_NAME = Moderate;
			};
			name = Release;
		};
/* End XCBuildConfiguration section */

/* Begin XCConfigurationList section */
		275DB6092E3B8D86000A3CD2 /* Build configuration list for PBXProject "Moderate" */ = {
			isa = XCConfigurationList;
			buildConfigurations = (
				275DB6302E3B8D87000A3CD2 /* Debug */,
				275DB6312E3B8D87000A3CD2 /* Release */,
			);
			defaultConfigurationIsVisible = 0;
			defaultConfigurationName = Release;
		};
		275DB6322E3B8D87000A3CD2 /* Build configuration list for PBXNativeTarget "Moderate" */ = {
			isa = XCConfigurationList;
			buildConfigurations = (
				275DB6332E3B8D87000A3CD2 /* Debug */,
				275DB6342E3B8D87000A3CD2 /* Release */,
			);
			defaultConfigurationIsVisible = 0;
			defaultConfigurationName = Release;
		};
		275DB6352E3B8D87000A3CD2 /* Build configuration list for PBXNativeTarget "ModerateTests" */ = {
			isa = XCConfigurationList;
			buildConfigurations = (
				275DB6362E3B8D87000A3CD2 /* Debug */,
				275DB6372E3B8D87000A3CD2 /* Release */,
			);
			defaultConfigurationIsVisible = 0;
			defaultConfigurationName = Release;
		};
		275DB6382E3B8D87000A3CD2 /* Build configuration list for PBXNativeTarget "ModerateUITests" */ = {
			isa = XCConfigurationList;
			buildConfigurations = (
				275DB6392E3B8D87000A3CD2 /* Debug */,
				275DB63A2E3B8D87000A3CD2 /* Release */,
			);
			defaultConfigurationIsVisible = 0;
			defaultConfigurationName = Release;
		};
/* End XCConfigurationList section */
	};
	rootObject = 275DB6062E3B8D86000A3CD2 /* Project object */;
}
